// !$*UTF8*$!
{
	archiveVersion = 1;
	classes = {
	};
	objectVersion = 50;
	objects = {

/* Begin PBXBuildFile section */
		E6BCBFE7265C4CD700CC67F1 /* Currency_RateApp.swift in Sources */ = {isa = PBXBuildFile; fileRef = E6BCBFE6265C4CD700CC67F1 /* Currency_RateApp.swift */; };
		E6BCBFE9265C4CD700CC67F1 /* ContentView.swift in Sources */ = {isa = PBXBuildFile; fileRef = E6BCBFE8265C4CD700CC67F1 /* ContentView.swift */; };
		E6BCBFEB265C4CDA00CC67F1 /* Assets.xcassets in Resources */ = {isa = PBXBuildFile; fileRef = E6BCBFEA265C4CDA00CC67F1 /* Assets.xcassets */; };
		E6BCBFEE265C4CDA00CC67F1 /* Preview Assets.xcassets in Resources */ = {isa = PBXBuildFile; fileRef = E6BCBFED265C4CDA00CC67F1 /* Preview Assets.xcassets */; };
/* End PBXBuildFile section */

/* Begin PBXFileReference section */
		E6BCBFE3265C4CD700CC67F1 /* Currency Rate.app */ = {isa = PBXFileReference; explicitFileType = wrapper.application; includeInIndex = 0; path = "Currency Rate.app"; sourceTree = BUILT_PRODUCTS_DIR; };
		E6BCBFE6265C4CD700CC67F1 /* Currency_RateApp.swift */ = {isa = PBXFileReference; lastKnownFileType = sourcecode.swift; path = Currency_RateApp.swift; sourceTree = "<group>"; };
		E6BCBFE8265C4CD700CC67F1 /* ContentView.swift */ = {isa = PBXFileReference; lastKnownFileType = sourcecode.swift; path = ContentView.swift; sourceTree = "<group>"; };
		E6BCBFEA265C4CDA00CC67F1 /* Assets.xcassets */ = {isa = PBXFileReference; lastKnownFileType = folder.assetcatalog; path = Assets.xcassets; sourceTree = "<group>"; };
		E6BCBFED265C4CDA00CC67F1 /* Preview Assets.xcassets */ = {isa = PBXFileReference; lastKnownFileType = folder.assetcatalog; path = "Preview Assets.xcassets"; sourceTree = "<group>"; };
		E6BCBFEF265C4CDA00CC67F1 /* Info.plist */ = {isa = PBXFileReference; lastKnownFileType = text.plist.xml; path = Info.plist; sourceTree = "<group>"; };
/* End PBXFileReference section */

/* Begin PBXFrameworksBuildPhase section */
		E6BCBFE0265C4CD700CC67F1 /* Frameworks */ = {
			isa = PBXFrameworksBuildPhase;
			buildActionMask = 2147483647;
			files = (
			);
			runOnlyForDeploymentPostprocessing = 0;
		};
/* End PBXFrameworksBuildPhase section */

/* Begin PBXGroup section */
		E6BCBFDA265C4CD700CC67F1 = {
			isa = PBXGroup;
			children = (
				E6BCBFE5265C4CD700CC67F1 /* Currency Rate */,
				E6BCBFE4265C4CD700CC67F1 /* Products */,
			);
			sourceTree = "<group>";
		};
		E6BCBFE4265C4CD700CC67F1 /* Products */ = {
			isa = PBXGroup;
			children = (
				E6BCBFE3265C4CD700CC67F1 /* Currency Rate.app */,
			);
			name = Products;
			sourceTree = "<group>";
		};
		E6BCBFE5265C4CD700CC67F1 /* Currency Rate */ = {
			isa = PBXGroup;
			children = (
				E6BCBFE6265C4CD700CC67F1 /* Currency_RateApp.swift */,
				E6BCBFE8265C4CD700CC67F1 /* ContentView.swift */,
				E6BCBFEA265C4CDA00CC67F1 /* Assets.xcassets */,
				E6BCBFEF265C4CDA00CC67F1 /* Info.plist */,
				E6BCBFEC265C4CDA00CC67F1 /* Preview Content */,
			);
			path = "Currency Rate";
			sourceTree = "<group>";
		};
		E6BCBFEC265C4CDA00CC67F1 /* Preview Content */ = {
			isa = PBXGroup;
			children = (
				E6BCBFED265C4CDA00CC67F1 /* Preview Assets.xcassets */,
			);
			path = "Preview Content";
			sourceTree = "<group>";
		};
/* End PBXGroup section */

/* Begin PBXNativeTarget section */
		E6BCBFE2265C4CD700CC67F1 /* Currency Rate */ = {
			isa = PBXNativeTarget;
			buildConfigurationList = E6BCBFF2265C4CDA00CC67F1 /* Build configuration list for PBXNativeTarget "Currency Rate" */;
			buildPhases = (
				E6BCBFDF265C4CD700CC67F1 /* Sources */,
				E6BCBFE0265C4CD700CC67F1 /* Frameworks */,
				E6BCBFE1265C4CD700CC67F1 /* Resources */,
			);
			buildRules = (
			);
			dependencies = (
			);
			name = "Currency Rate";
			productName = "Currency Rate";
			productReference = E6BCBFE3265C4CD700CC67F1 /* Currency Rate.app */;
			productType = "com.apple.product-type.application";
		};
/* End PBXNativeTarget section */

/* Begin PBXProject section */
		E6BCBFDB265C4CD700CC67F1 /* Project object */ = {
			isa = PBXProject;
			attributes = {
				LastSwiftUpdateCheck = 1240;
				LastUpgradeCheck = 1240;
				TargetAttributes = {
					E6BCBFE2265C4CD700CC67F1 = {
						CreatedOnToolsVersion = 12.4;
					};
				};
			};
			buildConfigurationList = E6BCBFDE265C4CD700CC67F1 /* Build configuration list for PBXProject "Currency Rate" */;
			compatibilityVersion = "Xcode 9.3";
			developmentRegion = en;
			hasScannedForEncodings = 0;
			knownRegions = (
				en,
				Base,
			);
			mainGroup = E6BCBFDA265C4CD700CC67F1;
			productRefGroup = E6BCBFE4265C4CD700CC67F1 /* Products */;
			projectDirPath = "";
			projectRoot = "";
			targets = (
				E6BCBFE2265C4CD700CC67F1 /* Currency Rate */,
			);
		};
/* End PBXProject section */

/* Begin PBXResourcesBuildPhase section */
		E6BCBFE1265C4CD700CC67F1 /* Resources */ = {
			isa = PBXResourcesBuildPhase;
			buildActionMask = 2147483647;
			files = (
				E6BCBFEE265C4CDA00CC67F1 /* Preview Assets.xcassets in Resources */,
				E6BCBFEB265C4CDA00CC67F1 /* Assets.xcassets in Resources */,
			);
			runOnlyForDeploymentPostprocessing = 0;
		};
/* End PBXResourcesBuildPhase section */

/* Begin PBXSourcesBuildPhase section */
		E6BCBFDF265C4CD700CC67F1 /* Sources */ = {
			isa = PBXSourcesBuildPhase;
			buildActionMask = 2147483647;
			files = (
				E6BCBFE9265C4CD700CC67F1 /* ContentView.swift in Sources */,
				E6BCBFE7265C4CD700CC67F1 /* Currency_RateApp.swift in Sources */,
			);
			runOnlyForDeploymentPostprocessing = 0;
		};
/* End PBXSourcesBuildPhase section */

/* Begin XCBuildConfiguration section */
		E6BCBFF0265C4CDA00CC67F1 /* Debug */ = {
			isa = XCBuildConfiguration;
			buildSettings = {
				ALWAYS_SEARCH_USER_PATHS = NO;
				CLANG_ANALYZER_NONNULL = YES;
				CLANG_ANALYZER_NUMBER_OBJECT_CONVERSION = YES_AGGRESSIVE;
				CLANG_CXX_LANGUAGE_STANDARD = "gnu++14";
				CLANG_CXX_LIBRARY = "libc++";
				CLANG_ENABLE_MODULES = YES;
				CLANG_ENABLE_OBJC_ARC = YES;
				CLANG_ENABLE_OBJC_WEAK = YES;
				CLANG_WARN_BLOCK_CAPTURE_AUTORELEASING = YES;
				CLANG_WARN_BOOL_CONVERSION = YES;
				CLANG_WARN_COMMA = YES;
				CLANG_WARN_CONSTANT_CONVERSION = YES;
				CLANG_WARN_DEPRECATED_OBJC_IMPLEMENTATIONS = YES;
				CLANG_WARN_DIRECT_OBJC_ISA_USAGE = YES_ERROR;
				CLANG_WARN_DOCUMENTATION_COMMENTS = YES;
				CLANG_WARN_EMPTY_BODY = YES;
				CLANG_WARN_ENUM_CONVERSION = YES;
				CLANG_WARN_INFINITE_RECURSION = YES;
				CLANG_WARN_INT_CONVERSION = YES;
				CLANG_WARN_NON_LITERAL_NULL_CONVERSION = YES;
				CLANG_WARN_OBJC_IMPLICIT_RETAIN_SELF = YES;
				CLANG_WARN_OBJC_LITERAL_CONVERSION = YES;
				CLANG_WARN_OBJC_ROOT_CLASS = YES_ERROR;
				CLANG_WARN_QUOTED_INCLUDE_IN_FRAMEWORK_HEADER = YES;
				CLANG_WARN_RANGE_LOOP_ANALYSIS = YES;
				CLANG_WARN_STRICT_PROTOTYPES = YES;
				CLANG_WARN_SUSPICIOUS_MOVE = YES;
				CLANG_WARN_UNGUARDED_AVAILABILITY = YES_AGGRESSIVE;
				CLANG_WARN_UNREACHABLE_CODE = YES;
				CLANG_WARN__DUPLICATE_METHOD_MATCH = YES;
				COPY_PHASE_STRIP = NO;
				DEBUG_INFORMATION_FORMAT = dwarf;
				ENABLE_STRICT_OBJC_MSGSEND = YES;
				ENABLE_TESTABILITY = YES;
				GCC_C_LANGUAGE_STANDARD = gnu11;
				GCC_DYNAMIC_NO_PIC = NO;
				GCC_NO_COMMON_BLOCKS = YES;
				GCC_OPTIMIZATION_LEVEL = 0;
				GCC_PREPROCESSOR_DEFINITIONS = (
					"DEBUG=1",
					"$(inherited)",
				);
				GCC_WARN_64_TO_32_BIT_CONVERSION = YES;
				GCC_WARN_ABOUT_RETURN_TYPE = YES_ERROR;
				GCC_WARN_UNDECLARED_SELECTOR = YES;
				GCC_WARN_UNINITIALIZED_AUTOS = YES_AGGRESSIVE;
				GCC_WARN_UNUSED_FUNCTION = YES;
				GCC_WARN_UNUSED_VARIABLE = YES;
				IPHONEOS_DEPLOYMENT_TARGET = 14.4;
				MTL_ENABLE_DEBUG_INFO = INCLUDE_SOURCE;
				MTL_FAST_MATH = YES;
				ONLY_ACTIVE_ARCH = YES;
				SDKROOT = iphoneos;
				SWIFT_ACTIVE_COMPILATION_CONDITIONS = DEBUG;
				SWIFT_OPTIMIZATION_LEVEL = "-Onone";
			};
			name = Debug;
		};
		E6BCBFF1265C4CDA00CC67F1 /* Release */ = {
			isa = XCBuildConfiguration;
			buildSettings = {
				ALWAYS_SEARCH_USER_PATHS = NO;
				CLANG_ANALYZER_NONNULL = YES;
				CLANG_ANALYZER_NUMBER_OBJECT_CONVERSION = YES_AGGRESSIVE;
				CLANG_CXX_LANGUAGE_STANDARD = "gnu++14";
				CLANG_CXX_LIBRARY = "libc++";
				CLANG_ENABLE_MODULES = YES;
				CLANG_ENABLE_OBJC_ARC = YES;
				CLANG_ENABLE_OBJC_WEAK = YES;
				CLANG_WARN_BLOCK_CAPTURE_AUTORELEASING = YES;
				CLANG_WARN_BOOL_CONVERSION = YES;
				CLANG_WARN_COMMA = YES;
				CLANG_WARN_CONSTANT_CONVERSION = YES;
				CLANG_WARN_DEPRECATED_OBJC_IMPLEMENTATIONS = YES;
				CLANG_WARN_DIRECT_OBJC_ISA_USAGE = YES_ERROR;
				CLANG_WARN_DOCUMENTATION_COMMENTS = YES;
				CLANG_WARN_EMPTY_BODY = YES;
				CLANG_WARN_ENUM_CONVERSION = YES;
				CLANG_WARN_INFINITE_RECURSION = YES;
				CLANG_WARN_INT_CONVERSION = YES;
				CLANG_WARN_NON_LITERAL_NULL_CONVERSION = YES;
				CLANG_WARN_OBJC_IMPLICIT_RETAIN_SELF = YES;
				CLANG_WARN_OBJC_LITERAL_CONVERSION = YES;
				CLANG_WARN_OBJC_ROOT_CLASS = YES_ERROR;
				CLANG_WARN_QUOTED_INCLUDE_IN_FRAMEWORK_HEADER = YES;
				CLANG_WARN_RANGE_LOOP_ANALYSIS = YES;
				CLANG_WARN_STRICT_PROTOTYPES = YES;
				CLANG_WARN_SUSPICIOUS_MOVE = YES;
				CLANG_WARN_UNGUARDED_AVAILABILITY = YES_AGGRESSIVE;
				CLANG_WARN_UNREACHABLE_CODE = YES;
				CLANG_WARN__DUPLICATE_METHOD_MATCH = YES;
				COPY_PHASE_STRIP = NO;
				DEBUG_INFORMATION_FORMAT = "dwarf-with-dsym";
				ENABLE_NS_ASSERTIONS = NO;
				ENABLE_STRICT_OBJC_MSGSEND = YES;
				GCC_C_LANGUAGE_STANDARD = gnu11;
				GCC_NO_COMMON_BLOCKS = YES;
				GCC_WARN_64_TO_32_BIT_CONVERSION = YES;
				GCC_WARN_ABOUT_RETURN_TYPE = YES_ERROR;
				GCC_WARN_UNDECLARED_SELECTOR = YES;
				GCC_WARN_UNINITIALIZED_AUTOS = YES_AGGRESSIVE;
				GCC_WARN_UNUSED_FUNCTION = YES;
				GCC_WARN_UNUSED_VARIABLE = YES;
				IPHONEOS_DEPLOYMENT_TARGET = 14.4;
				MTL_ENABLE_DEBUG_INFO = NO;
				MTL_FAST_MATH = YES;
				SDKROOT = iphoneos;
				SWIFT_COMPILATION_MODE = wholemodule;
				SWIFT_OPTIMIZATION_LEVEL = "-O";
				VALIDATE_PRODUCT = YES;
			};
			name = Release;
		};
		E6BCBFF3265C4CDA00CC67F1 /* Debug */ = {
			isa = XCBuildConfiguration;
			buildSettings = {
				ASSETCATALOG_COMPILER_APPICON_NAME = AppIcon;
				ASSETCATALOG_COMPILER_GLOBAL_ACCENT_COLOR_NAME = AccentColor;
				CODE_SIGN_STYLE = Automatic;
				DEVELOPMENT_ASSET_PATHS = "\"Currency Rate/Preview Content\"";
				DEVELOPMENT_TEAM = 2BX8YUDA2X;
				ENABLE_PREVIEWS = YES;
				INFOPLIST_FILE = "Currency Rate/Info.plist";
				IPHONEOS_DEPLOYMENT_TARGET = 14.0;
				LD_RUNPATH_SEARCH_PATHS = (
					"$(inherited)",
					"@executable_path/Frameworks",
				);
				PRODUCT_BUNDLE_IDENTIFIER = "ru.ivanov.sergey.Currency-Rate";
				PRODUCT_NAME = "$(TARGET_NAME)";
				SWIFT_VERSION = 5.0;
				TARGETED_DEVICE_FAMILY = "1,2";
			};
			name = Debug;
		};
		E6BCBFF4265C4CDA00CC67F1 /* Release */ = {
			isa = XCBuildConfiguration;
			buildSettings = {
				ASSETCATALOG_COMPILER_APPICON_NAME = AppIcon;
				ASSETCATALOG_COMPILER_GLOBAL_ACCENT_COLOR_NAME = AccentColor;
				CODE_SIGN_STYLE = Automatic;
				DEVELOPMENT_ASSET_PATHS = "\"Currency Rate/Preview Content\"";
				DEVELOPMENT_TEAM = 2BX8YUDA2X;
				ENABLE_PREVIEWS = YES;
				INFOPLIST_FILE = "Currency Rate/Info.plist";
				IPHONEOS_DEPLOYMENT_TARGET = 14.0;
				LD_RUNPATH_SEARCH_PATHS = (
					"$(inherited)",
					"@executable_path/Frameworks",
				);
				PRODUCT_BUNDLE_IDENTIFIER = "ru.ivanov.sergey.Currency-Rate";
				PRODUCT_NAME = "$(TARGET_NAME)";
				SWIFT_VERSION = 5.0;
				TARGETED_DEVICE_FAMILY = "1,2";
			};
			name = Release;
		};
/* End XCBuildConfiguration section */

/* Begin XCConfigurationList section */
		E6BCBFDE265C4CD700CC67F1 /* Build configuration list for PBXProject "Currency Rate" */ = {
			isa = XCConfigurationList;
			buildConfigurations = (
				E6BCBFF0265C4CDA00CC67F1 /* Debug */,
				E6BCBFF1265C4CDA00CC67F1 /* Release */,
			);
			defaultConfigurationIsVisible = 0;
			defaultConfigurationName = Release;
		};
		E6BCBFF2265C4CDA00CC67F1 /* Build configuration list for PBXNativeTarget "Currency Rate" */ = {
			isa = XCConfigurationList;
			buildConfigurations = (
				E6BCBFF3265C4CDA00CC67F1 /* Debug */,
				E6BCBFF4265C4CDA00CC67F1 /* Release */,
			);
			defaultConfigurationIsVisible = 0;
			defaultConfigurationName = Release;
		};
/* End XCConfigurationList section */
	};
	rootObject = E6BCBFDB265C4CD700CC67F1 /* Project object */;
}
